
Microsoft Visual Studio Solution File, Format Version 12.00
# Visual Studio Version 16
VisualStudioVersion = 16.0.31613.86
MinimumVisualStudioVersion = 10.0.40219.1
Project("{9A19103F-16F7-4668-BE54-9A1E7A4F7556}") = "Calculator", "Calculator.csproj", "{37C8E0FA-7673-4555-96C5-095EDAC8A2B0}"
EndProject
Project("{FAE04EC0-301F-11D3-BF4B-00C04F79EFBC}") = "CalculatorTests", "..\CalculatorTests\CalculatorTests.csproj", "{73471A86-B656-4063-B205-BACE775DAAE7}"
EndProject
Global
	GlobalSection(SolutionConfigurationPlatforms) = preSolution
		Debug|Any CPU = Debug|Any CPU
		Release|Any CPU = Release|Any CPU
	EndGlobalSection
	GlobalSection(ProjectConfigurationPlatforms) = postSolution
		{37C8E0FA-7673-4555-96C5-095EDAC8A2B0}.Debug|Any CPU.ActiveCfg = Debug|Any CPU
		{37C8E0FA-7673-4555-96C5-095EDAC8A2B0}.Debug|Any CPU.Build.0 = Debug|Any CPU
		{37C8E0FA-7673-4555-96C5-095EDAC8A2B0}.Release|Any CPU.ActiveCfg = Release|Any CPU
		{37C8E0FA-7673-4555-96C5-095EDAC8A2B0}.Release|Any CPU.Build.0 = Release|Any CPU
		{73471A86-B656-4063-B205-BACE775DAAE7}.Debug|Any CPU.ActiveCfg = Debug|Any CPU
		{73471A86-B656-4063-B205-BACE775DAAE7}.Debug|Any CPU.Build.0 = Debug|Any CPU
		{73471A86-B656-4063-B205-BACE775DAAE7}.Release|Any CPU.ActiveCfg = Release|Any CPU
		{73471A86-B656-4063-B205-BACE775DAAE7}.Release|Any CPU.Build.0 = Release|Any CPU
	EndGlobalSection
	GlobalSection(SolutionProperties) = preSolution
		HideSolutionNode = FALSE
	EndGlobalSection
	GlobalSection(ExtensibilityGlobals) = postSolution
		SolutionGuid = {A3DBA357-EF5B-4B16-89CB-ADAA94B62FF4}
	EndGlobalSection
EndGlobal
